// !$*UTF8*$!
{
	archiveVersion = 1;
	classes = {
	};
	objectVersion = 56;
	objects = {

/* Begin PBXBuildFile section */
		7E52A3E52D8EB8450010C789 /* AudiusApp.swift in Sources */ = {isa = PBXBuildFile; fileRef = 7E52A3E42D8EB8450010C789 /* AudiusApp.swift */; };
		7E52A3E72D8EB8450010C789 /* ContentView.swift in Sources */ = {isa = PBXBuildFile; fileRef = 7E52A3E62D8EB8450010C789 /* ContentView.swift */; };
		7E52A3E92D8EB8470010C789 /* Assets.xcassets in Resources */ = {isa = PBXBuildFile; fileRef = 7E52A3E82D8EB8470010C789 /* Assets.xcassets */; };
		7E52A3EC2D8EB8470010C789 /* Preview Assets.xcassets in Resources */ = {isa = PBXBuildFile; fileRef = 7E52A3EB2D8EB8470010C789 /* Preview Assets.xcassets */; };
		7E52A3F62D8EB8470010C789 /* AudiusTests.swift in Sources */ = {isa = PBXBuildFile; fileRef = 7E52A3F52D8EB8470010C789 /* AudiusTests.swift */; };
		7E52A4002D8EB8470010C789 /* AudiusUITests.swift in Sources */ = {isa = PBXBuildFile; fileRef = 7E52A3FF2D8EB8470010C789 /* AudiusUITests.swift */; };
		7E52A4022D8EB8470010C789 /* AudiusUITestsLaunchTests.swift in Sources */ = {isa = PBXBuildFile; fileRef = 7E52A4012D8EB8470010C789 /* AudiusUITestsLaunchTests.swift */; };
/* End PBXBuildFile section */

/* Begin PBXContainerItemProxy section */
		7E52A3F22D8EB8470010C789 /* PBXContainerItemProxy */ = {
			isa = PBXContainerItemProxy;
			containerPortal = 7E52A3D92D8EB8450010C789 /* Project object */;
			proxyType = 1;
			remoteGlobalIDString = 7E52A3E02D8EB8450010C789;
			remoteInfo = Audius;
		};
		7E52A3FC2D8EB8470010C789 /* PBXContainerItemProxy */ = {
			isa = PBXContainerItemProxy;
			containerPortal = 7E52A3D92D8EB8450010C789 /* Project object */;
			proxyType = 1;
			remoteGlobalIDString = 7E52A3E02D8EB8450010C789;
			remoteInfo = Audius;
		};
/* End PBXContainerItemProxy section */

/* Begin PBXFileReference section */
		7E52A3E12D8EB8450010C789 /* Audius.app */ = {isa = PBXFileReference; explicitFileType = wrapper.application; includeInIndex = 0; path = Audius.app; sourceTree = BUILT_PRODUCTS_DIR; };
		7E52A3E42D8EB8450010C789 /* AudiusApp.swift */ = {isa = PBXFileReference; lastKnownFileType = sourcecode.swift; path = AudiusApp.swift; sourceTree = "<group>"; };
		7E52A3E62D8EB8450010C789 /* ContentView.swift */ = {isa = PBXFileReference; lastKnownFileType = sourcecode.swift; path = ContentView.swift; sourceTree = "<group>"; };
		7E52A3E82D8EB8470010C789 /* Assets.xcassets */ = {isa = PBXFileReference; lastKnownFileType = folder.assetcatalog; path = Assets.xcassets; sourceTree = "<group>"; };
		7E52A3EB2D8EB8470010C789 /* Preview Assets.xcassets */ = {isa = PBXFileReference; lastKnownFileType = folder.assetcatalog; path = "Preview Assets.xcassets"; sourceTree = "<group>"; };
		7E52A3F12D8EB8470010C789 /* AudiusTests.xctest */ = {isa = PBXFileReference; explicitFileType = wrapper.cfbundle; includeInIndex = 0; path = AudiusTests.xctest; sourceTree = BUILT_PRODUCTS_DIR; };
		7E52A3F52D8EB8470010C789 /* AudiusTests.swift */ = {isa = PBXFileReference; lastKnownFileType = sourcecode.swift; path = AudiusTests.swift; sourceTree = "<group>"; };
		7E52A3FB2D8EB8470010C789 /* AudiusUITests.xctest */ = {isa = PBXFileReference; explicitFileType = wrapper.cfbundle; includeInIndex = 0; path = AudiusUITests.xctest; sourceTree = BUILT_PRODUCTS_DIR; };
		7E52A3FF2D8EB8470010C789 /* AudiusUITests.swift */ = {isa = PBXFileReference; lastKnownFileType = sourcecode.swift; path = AudiusUITests.swift; sourceTree = "<group>"; };
		7E52A4012D8EB8470010C789 /* AudiusUITestsLaunchTests.swift */ = {isa = PBXFileReference; lastKnownFileType = sourcecode.swift; path = AudiusUITestsLaunchTests.swift; sourceTree = "<group>"; };
/* End PBXFileReference section */

/* Begin PBXFrameworksBuildPhase section */
		7E52A3DE2D8EB8450010C789 /* Frameworks */ = {
			isa = PBXFrameworksBuildPhase;
			buildActionMask = 2147483647;
			files = (
			);
			runOnlyForDeploymentPostprocessing = 0;
		};
		7E52A3EE2D8EB8470010C789 /* Frameworks */ = {
			isa = PBXFrameworksBuildPhase;
			buildActionMask = 2147483647;
			files = (
			);
			runOnlyForDeploymentPostprocessing = 0;
		};
		7E52A3F82D8EB8470010C789 /* Frameworks */ = {
			isa = PBXFrameworksBuildPhase;
			buildActionMask = 2147483647;
			files = (
			);
			runOnlyForDeploymentPostprocessing = 0;
		};
/* End PBXFrameworksBuildPhase section */

/* Begin PBXGroup section */
		7E52A3D82D8EB8450010C789 = {
			isa = PBXGroup;
			children = (
				7E52A3E32D8EB8450010C789 /* Audius */,
				7E52A3F42D8EB8470010C789 /* AudiusTests */,
				7E52A3FE2D8EB8470010C789 /* AudiusUITests */,
				7E52A3E22D8EB8450010C789 /* Products */,
			);
			sourceTree = "<group>";
		};
		7E52A3E22D8EB8450010C789 /* Products */ = {
			isa = PBXGroup;
			children = (
				7E52A3E12D8EB8450010C789 /* Audius.app */,
				7E52A3F12D8EB8470010C789 /* AudiusTests.xctest */,
				7E52A3FB2D8EB8470010C789 /* AudiusUITests.xctest */,
			);
			name = Products;
			sourceTree = "<group>";
		};
		7E52A3E32D8EB8450010C789 /* Audius */ = {
			isa = PBXGroup;
			children = (
				7E52A3E42D8EB8450010C789 /* AudiusApp.swift */,
				7E52A3E62D8EB8450010C789 /* ContentView.swift */,
				7E52A3E82D8EB8470010C789 /* Assets.xcassets */,
				7E52A3EA2D8EB8470010C789 /* Preview Content */,
			);
			path = Audius;
			sourceTree = "<group>";
		};
		7E52A3EA2D8EB8470010C789 /* Preview Content */ = {
			isa = PBXGroup;
			children = (
				7E52A3EB2D8EB8470010C789 /* Preview Assets.xcassets */,
			);
			path = "Preview Content";
			sourceTree = "<group>";
		};
		7E52A3F42D8EB8470010C789 /* AudiusTests */ = {
			isa = PBXGroup;
			children = (
				7E52A3F52D8EB8470010C789 /* AudiusTests.swift */,
			);
			path = AudiusTests;
			sourceTree = "<group>";
		};
		7E52A3FE2D8EB8470010C789 /* AudiusUITests */ = {
			isa = PBXGroup;
			children = (
				7E52A3FF2D8EB8470010C789 /* AudiusUITests.swift */,
				7E52A4012D8EB8470010C789 /* AudiusUITestsLaunchTests.swift */,
			);
			path = AudiusUITests;
			sourceTree = "<group>";
		};
/* End PBXGroup section */

/* Begin PBXNativeTarget section */
		7E52A3E02D8EB8450010C789 /* Audius */ = {
			isa = PBXNativeTarget;
			buildConfigurationList = 7E52A4052D8EB8470010C789 /* Build configuration list for PBXNativeTarget "Audius" */;
			buildPhases = (
				7E52A3DD2D8EB8450010C789 /* Sources */,
				7E52A3DE2D8EB8450010C789 /* Frameworks */,
				7E52A3DF2D8EB8450010C789 /* Resources */,
			);
			buildRules = (
			);
			dependencies = (
			);
			name = Audius;
			productName = Audius;
			productReference = 7E52A3E12D8EB8450010C789 /* Audius.app */;
			productType = "com.apple.product-type.application";
		};
		7E52A3F02D8EB8470010C789 /* AudiusTests */ = {
			isa = PBXNativeTarget;
			buildConfigurationList = 7E52A4082D8EB8470010C789 /* Build configuration list for PBXNativeTarget "AudiusTests" */;
			buildPhases = (
				7E52A3ED2D8EB8470010C789 /* Sources */,
				7E52A3EE2D8EB8470010C789 /* Frameworks */,
				7E52A3EF2D8EB8470010C789 /* Resources */,
			);
			buildRules = (
			);
			dependencies = (
				7E52A3F32D8EB8470010C789 /* PBXTargetDependency */,
			);
			name = AudiusTests;
			productName = AudiusTests;
			productReference = 7E52A3F12D8EB8470010C789 /* AudiusTests.xctest */;
			productType = "com.apple.product-type.bundle.unit-test";
		};
		7E52A3FA2D8EB8470010C789 /* AudiusUITests */ = {
			isa = PBXNativeTarget;
			buildConfigurationList = 7E52A40B2D8EB8470010C789 /* Build configuration list for PBXNativeTarget "AudiusUITests" */;
			buildPhases = (
				7E52A3F72D8EB8470010C789 /* Sources */,
				7E52A3F82D8EB8470010C789 /* Frameworks */,
				7E52A3F92D8EB8470010C789 /* Resources */,
			);
			buildRules = (
			);
			dependencies = (
				7E52A3FD2D8EB8470010C789 /* PBXTargetDependency */,
			);
			name = AudiusUITests;
			productName = AudiusUITests;
			productReference = 7E52A3FB2D8EB8470010C789 /* AudiusUITests.xctest */;
			productType = "com.apple.product-type.bundle.ui-testing";
		};
/* End PBXNativeTarget section */

/* Begin PBXProject section */
		7E52A3D92D8EB8450010C789 /* Project object */ = {
			isa = PBXProject;
			attributes = {
				BuildIndependentTargetsInParallel = 1;
				LastSwiftUpdateCheck = 1540;
				LastUpgradeCheck = 1540;
				TargetAttributes = {
					7E52A3E02D8EB8450010C789 = {
						CreatedOnToolsVersion = 15.4;
					};
					7E52A3F02D8EB8470010C789 = {
						CreatedOnToolsVersion = 15.4;
						TestTargetID = 7E52A3E02D8EB8450010C789;
					};
					7E52A3FA2D8EB8470010C789 = {
						CreatedOnToolsVersion = 15.4;
						TestTargetID = 7E52A3E02D8EB8450010C789;
					};
				};
			};
			buildConfigurationList = 7E52A3DC2D8EB8450010C789 /* Build configuration list for PBXProject "Audius" */;
			compatibilityVersion = "Xcode 14.0";
			developmentRegion = en;
			hasScannedForEncodings = 0;
			knownRegions = (
				en,
				Base,
			);
			mainGroup = 7E52A3D82D8EB8450010C789;
			productRefGroup = 7E52A3E22D8EB8450010C789 /* Products */;
			projectDirPath = "";
			projectRoot = "";
			targets = (
				7E52A3E02D8EB8450010C789 /* Audius */,
				7E52A3F02D8EB8470010C789 /* AudiusTests */,
				7E52A3FA2D8EB8470010C789 /* AudiusUITests */,
			);
		};
/* End PBXProject section */

/* Begin PBXResourcesBuildPhase section */
		7E52A3DF2D8EB8450010C789 /* Resources */ = {
			isa = PBXResourcesBuildPhase;
			buildActionMask = 2147483647;
			files = (
				7E52A3EC2D8EB8470010C789 /* Preview Assets.xcassets in Resources */,
				7E52A3E92D8EB8470010C789 /* Assets.xcassets in Resources */,
			);
			runOnlyForDeploymentPostprocessing = 0;
		};
		7E52A3EF2D8EB8470010C789 /* Resources */ = {
			isa = PBXResourcesBuildPhase;
			buildActionMask = 2147483647;
			files = (
			);
			runOnlyForDeploymentPostprocessing = 0;
		};
		7E52A3F92D8EB8470010C789 /* Resources */ = {
			isa = PBXResourcesBuildPhase;
			buildActionMask = 2147483647;
			files = (
			);
			runOnlyForDeploymentPostprocessing = 0;
		};
/* End PBXResourcesBuildPhase section */

/* Begin PBXSourcesBuildPhase section */
		7E52A3DD2D8EB8450010C789 /* Sources */ = {
			isa = PBXSourcesBuildPhase;
			buildActionMask = 2147483647;
			files = (
				7E52A3E72D8EB8450010C789 /* ContentView.swift in Sources */,
				7E52A3E52D8EB8450010C789 /* AudiusApp.swift in Sources */,
			);
			runOnlyForDeploymentPostprocessing = 0;
		};
		7E52A3ED2D8EB8470010C789 /* Sources */ = {
			isa = PBXSourcesBuildPhase;
			buildActionMask = 2147483647;
			files = (
				7E52A3F62D8EB8470010C789 /* AudiusTests.swift in Sources */,
			);
			runOnlyForDeploymentPostprocessing = 0;
		};
		7E52A3F72D8EB8470010C789 /* Sources */ = {
			isa = PBXSourcesBuildPhase;
			buildActionMask = 2147483647;
			files = (
				7E52A4002D8EB8470010C789 /* AudiusUITests.swift in Sources */,
				7E52A4022D8EB8470010C789 /* AudiusUITestsLaunchTests.swift in Sources */,
			);
			runOnlyForDeploymentPostprocessing = 0;
		};
/* End PBXSourcesBuildPhase section */

/* Begin PBXTargetDependency section */
		7E52A3F32D8EB8470010C789 /* PBXTargetDependency */ = {
			isa = PBXTargetDependency;
			target = 7E52A3E02D8EB8450010C789 /* Audius */;
			targetProxy = 7E52A3F22D8EB8470010C789 /* PBXContainerItemProxy */;
		};
		7E52A3FD2D8EB8470010C789 /* PBXTargetDependency */ = {
			isa = PBXTargetDependency;
			target = 7E52A3E02D8EB8450010C789 /* Audius */;
			targetProxy = 7E52A3FC2D8EB8470010C789 /* PBXContainerItemProxy */;
		};
/* End PBXTargetDependency section */

/* Begin XCBuildConfiguration section */
		7E52A4032D8EB8470010C789 /* Debug */ = {
			isa = XCBuildConfiguration;
			buildSettings = {
				ALWAYS_SEARCH_USER_PATHS = NO;
				ASSETCATALOG_COMPILER_GENERATE_SWIFT_ASSET_SYMBOL_EXTENSIONS = YES;
				CLANG_ANALYZER_NONNULL = YES;
				CLANG_ANALYZER_NUMBER_OBJECT_CONVERSION = YES_AGGRESSIVE;
				CLANG_CXX_LANGUAGE_STANDARD = "gnu++20";
				CLANG_ENABLE_MODULES = YES;
				CLANG_ENABLE_OBJC_ARC = YES;
				CLANG_ENABLE_OBJC_WEAK = YES;
				CLANG_WARN_BLOCK_CAPTURE_AUTORELEASING = YES;
				CLANG_WARN_BOOL_CONVERSION = YES;
				CLANG_WARN_COMMA = YES;
				CLANG_WARN_CONSTANT_CONVERSION = YES;
				CLANG_WARN_DEPRECATED_OBJC_IMPLEMENTATIONS = YES;
				CLANG_WARN_DIRECT_OBJC_ISA_USAGE = YES_ERROR;
				CLANG_WARN_DOCUMENTATION_COMMENTS = YES;
				CLANG_WARN_EMPTY_BODY = YES;
				CLANG_WARN_ENUM_CONVERSION = YES;
				CLANG_WARN_INFINITE_RECURSION = YES;
				CLANG_WARN_INT_CONVERSION = YES;
				CLANG_WARN_NON_LITERAL_NULL_CONVERSION = YES;
				CLANG_WARN_OBJC_IMPLICIT_RETAIN_SELF = YES;
				CLANG_WARN_OBJC_LITERAL_CONVERSION = YES;
				CLANG_WARN_OBJC_ROOT_CLASS = YES_ERROR;
				CLANG_WARN_QUOTED_INCLUDE_IN_FRAMEWORK_HEADER = YES;
				CLANG_WARN_RANGE_LOOP_ANALYSIS = YES;
				CLANG_WARN_STRICT_PROTOTYPES = YES;
				CLANG_WARN_SUSPICIOUS_MOVE = YES;
				CLANG_WARN_UNGUARDED_AVAILABILITY = YES_AGGRESSIVE;
				CLANG_WARN_UNREACHABLE_CODE = YES;
				CLANG_WARN__DUPLICATE_METHOD_MATCH = YES;
				COPY_PHASE_STRIP = NO;
				DEBUG_INFORMATION_FORMAT = dwarf;
				ENABLE_STRICT_OBJC_MSGSEND = YES;
				ENABLE_TESTABILITY = YES;
				ENABLE_USER_SCRIPT_SANDBOXING = YES;
				GCC_C_LANGUAGE_STANDARD = gnu17;
				GCC_DYNAMIC_NO_PIC = NO;
				GCC_NO_COMMON_BLOCKS = YES;
				GCC_OPTIMIZATION_LEVEL = 0;
				GCC_PREPROCESSOR_DEFINITIONS = (
					"DEBUG=1",
					"$(inherited)",
				);
				GCC_WARN_64_TO_32_BIT_CONVERSION = YES;
				GCC_WARN_ABOUT_RETURN_TYPE = YES_ERROR;
				GCC_WARN_UNDECLARED_SELECTOR = YES;
				GCC_WARN_UNINITIALIZED_AUTOS = YES_AGGRESSIVE;
				GCC_WARN_UNUSED_FUNCTION = YES;
				GCC_WARN_UNUSED_VARIABLE = YES;
				IPHONEOS_DEPLOYMENT_TARGET = 17.5;
				LOCALIZATION_PREFERS_STRING_CATALOGS = YES;
				MTL_ENABLE_DEBUG_INFO = INCLUDE_SOURCE;
				MTL_FAST_MATH = YES;
				ONLY_ACTIVE_ARCH = YES;
				SDKROOT = iphoneos;
				SWIFT_ACTIVE_COMPILATION_CONDITIONS = "DEBUG $(inherited)";
				SWIFT_OPTIMIZATION_LEVEL = "-Onone";
			};
			name = Debug;
		};
		7E52A4042D8EB8470010C789 /* Release */ = {
			isa = XCBuildConfiguration;
			buildSettings = {
				ALWAYS_SEARCH_USER_PATHS = NO;
				ASSETCATALOG_COMPILER_GENERATE_SWIFT_ASSET_SYMBOL_EXTENSIONS = YES;
				CLANG_ANALYZER_NONNULL = YES;
				CLANG_ANALYZER_NUMBER_OBJECT_CONVERSION = YES_AGGRESSIVE;
				CLANG_CXX_LANGUAGE_STANDARD = "gnu++20";
				CLANG_ENABLE_MODULES = YES;
				CLANG_ENABLE_OBJC_ARC = YES;
				CLANG_ENABLE_OBJC_WEAK = YES;
				CLANG_WARN_BLOCK_CAPTURE_AUTORELEASING = YES;
				CLANG_WARN_BOOL_CONVERSION = YES;
				CLANG_WARN_COMMA = YES;
				CLANG_WARN_CONSTANT_CONVERSION = YES;
				CLANG_WARN_DEPRECATED_OBJC_IMPLEMENTATIONS = YES;
				CLANG_WARN_DIRECT_OBJC_ISA_USAGE = YES_ERROR;
				CLANG_WARN_DOCUMENTATION_COMMENTS = YES;
				CLANG_WARN_EMPTY_BODY = YES;
				CLANG_WARN_ENUM_CONVERSION = YES;
				CLANG_WARN_INFINITE_RECURSION = YES;
				CLANG_WARN_INT_CONVERSION = YES;
				CLANG_WARN_NON_LITERAL_NULL_CONVERSION = YES;
				CLANG_WARN_OBJC_IMPLICIT_RETAIN_SELF = YES;
				CLANG_WARN_OBJC_LITERAL_CONVERSION = YES;
				CLANG_WARN_OBJC_ROOT_CLASS = YES_ERROR;
				CLANG_WARN_QUOTED_INCLUDE_IN_FRAMEWORK_HEADER = YES;
				CLANG_WARN_RANGE_LOOP_ANALYSIS = YES;
				CLANG_WARN_STRICT_PROTOTYPES = YES;
				CLANG_WARN_SUSPICIOUS_MOVE = YES;
				CLANG_WARN_UNGUARDED_AVAILABILITY = YES_AGGRESSIVE;
				CLANG_WARN_UNREACHABLE_CODE = YES;
				CLANG_WARN__DUPLICATE_METHOD_MATCH = YES;
				COPY_PHASE_STRIP = NO;
				DEBUG_INFORMATION_FORMAT = "dwarf-with-dsym";
				ENABLE_NS_ASSERTIONS = NO;
				ENABLE_STRICT_OBJC_MSGSEND = YES;
				ENABLE_USER_SCRIPT_SANDBOXING = YES;
				GCC_C_LANGUAGE_STANDARD = gnu17;
				GCC_NO_COMMON_BLOCKS = YES;
				GCC_WARN_64_TO_32_BIT_CONVERSION = YES;
				GCC_WARN_ABOUT_RETURN_TYPE = YES_ERROR;
				GCC_WARN_UNDECLARED_SELECTOR = YES;
				GCC_WARN_UNINITIALIZED_AUTOS = YES_AGGRESSIVE;
				GCC_WARN_UNUSED_FUNCTION = YES;
				GCC_WARN_UNUSED_VARIABLE = YES;
				IPHONEOS_DEPLOYMENT_TARGET = 17.5;
				LOCALIZATION_PREFERS_STRING_CATALOGS = YES;
				MTL_ENABLE_DEBUG_INFO = NO;
				MTL_FAST_MATH = YES;
				SDKROOT = iphoneos;
				SWIFT_COMPILATION_MODE = wholemodule;
				VALIDATE_PRODUCT = YES;
			};
			name = Release;
		};
		7E52A4062D8EB8470010C789 /* Debug */ = {
			isa = XCBuildConfiguration;
			buildSettings = {
				ASSETCATALOG_COMPILER_APPICON_NAME = AppIcon;
				ASSETCATALOG_COMPILER_GLOBAL_ACCENT_COLOR_NAME = AccentColor;
				CODE_SIGN_STYLE = Automatic;
				CURRENT_PROJECT_VERSION = 1;
				DEVELOPMENT_ASSET_PATHS = "\"Audius/Preview Content\"";
				DEVELOPMENT_TEAM = 3F8C4P2T95;
				ENABLE_PREVIEWS = YES;
				GENERATE_INFOPLIST_FILE = YES;
				INFOPLIST_KEY_UIApplicationSceneManifest_Generation = YES;
				INFOPLIST_KEY_UIApplicationSupportsIndirectInputEvents = YES;
				INFOPLIST_KEY_UILaunchScreen_Generation = YES;
				INFOPLIST_KEY_UISupportedInterfaceOrientations_iPad = "UIInterfaceOrientationPortrait UIInterfaceOrientationPortraitUpsideDown UIInterfaceOrientationLandscapeLeft UIInterfaceOrientationLandscapeRight";
				INFOPLIST_KEY_UISupportedInterfaceOrientations_iPhone = "UIInterfaceOrientationPortrait UIInterfaceOrientationLandscapeLeft UIInterfaceOrientationLandscapeRight";
				LD_RUNPATH_SEARCH_PATHS = (
					"$(inherited)",
					"@executable_path/Frameworks",
				);
				MARKETING_VERSION = 1.0;
				PRODUCT_BUNDLE_IDENTIFIER = com.audius;
				PRODUCT_NAME = "$(TARGET_NAME)";
				SWIFT_EMIT_LOC_STRINGS = YES;
				SWIFT_VERSION = 5.0;
				TARGETED_DEVICE_FAMILY = "1,2";
			};
			name = Debug;
		};
		7E52A4072D8EB8470010C789 /* Release */ = {
			isa = XCBuildConfiguration;
			buildSettings = {
				ASSETCATALOG_COMPILER_APPICON_NAME = AppIcon;
				ASSETCATALOG_COMPILER_GLOBAL_ACCENT_COLOR_NAME = AccentColor;
				CODE_SIGN_STYLE = Automatic;
				CURRENT_PROJECT_VERSION = 1;
				DEVELOPMENT_ASSET_PATHS = "\"Audius/Preview Content\"";
				DEVELOPMENT_TEAM = 3F8C4P2T95;
				ENABLE_PREVIEWS = YES;
				GENERATE_INFOPLIST_FILE = YES;
				INFOPLIST_KEY_UIApplicationSceneManifest_Generation = YES;
				INFOPLIST_KEY_UIApplicationSupportsIndirectInputEvents = YES;
				INFOPLIST_KEY_UILaunchScreen_Generation = YES;
				INFOPLIST_KEY_UISupportedInterfaceOrientations_iPad = "UIInterfaceOrientationPortrait UIInterfaceOrientationPortraitUpsideDown UIInterfaceOrientationLandscapeLeft UIInterfaceOrientationLandscapeRight";
				INFOPLIST_KEY_UISupportedInterfaceOrientations_iPhone = "UIInterfaceOrientationPortrait UIInterfaceOrientationLandscapeLeft UIInterfaceOrientationLandscapeRight";
				LD_RUNPATH_SEARCH_PATHS = (
					"$(inherited)",
					"@executable_path/Frameworks",
				);
				MARKETING_VERSION = 1.0;
				PRODUCT_BUNDLE_IDENTIFIER = com.audius;
				PRODUCT_NAME = "$(TARGET_NAME)";
				SWIFT_EMIT_LOC_STRINGS = YES;
				SWIFT_VERSION = 5.0;
				TARGETED_DEVICE_FAMILY = "1,2";
			};
			name = Release;
		};
		7E52A4092D8EB8470010C789 /* Debug */ = {
			isa = XCBuildConfiguration;
			buildSettings = {
				ALWAYS_EMBED_SWIFT_STANDARD_LIBRARIES = YES;
				BUNDLE_LOADER = "$(TEST_HOST)";
				CODE_SIGN_STYLE = Automatic;
				CURRENT_PROJECT_VERSION = 1;
				DEVELOPMENT_TEAM = 3F8C4P2T95;
				GENERATE_INFOPLIST_FILE = YES;
				IPHONEOS_DEPLOYMENT_TARGET = 17.5;
				MARKETING_VERSION = 1.0;
				PRODUCT_BUNDLE_IDENTIFIER = com.AudiusTests;
				PRODUCT_NAME = "$(TARGET_NAME)";
				SWIFT_EMIT_LOC_STRINGS = NO;
				SWIFT_VERSION = 5.0;
				TARGETED_DEVICE_FAMILY = "1,2";
				TEST_HOST = "$(BUILT_PRODUCTS_DIR)/Audius.app/$(BUNDLE_EXECUTABLE_FOLDER_PATH)/Audius";
			};
			name = Debug;
		};
		7E52A40A2D8EB8470010C789 /* Release */ = {
			isa = XCBuildConfiguration;
			buildSettings = {
				ALWAYS_EMBED_SWIFT_STANDARD_LIBRARIES = YES;
				BUNDLE_LOADER = "$(TEST_HOST)";
				CODE_SIGN_STYLE = Automatic;
				CURRENT_PROJECT_VERSION = 1;
				DEVELOPMENT_TEAM = 3F8C4P2T95;
				GENERATE_INFOPLIST_FILE = YES;
				IPHONEOS_DEPLOYMENT_TARGET = 17.5;
				MARKETING_VERSION = 1.0;
				PRODUCT_BUNDLE_IDENTIFIER = com.AudiusTests;
				PRODUCT_NAME = "$(TARGET_NAME)";
				SWIFT_EMIT_LOC_STRINGS = NO;
				SWIFT_VERSION = 5.0;
				TARGETED_DEVICE_FAMILY = "1,2";
				TEST_HOST = "$(BUILT_PRODUCTS_DIR)/Audius.app/$(BUNDLE_EXECUTABLE_FOLDER_PATH)/Audius";
			};
			name = Release;
		};
		7E52A40C2D8EB8470010C789 /* Debug */ = {
			isa = XCBuildConfiguration;
			buildSettings = {
				ALWAYS_EMBED_SWIFT_STANDARD_LIBRARIES = YES;
				CODE_SIGN_STYLE = Automatic;
				CURRENT_PROJECT_VERSION = 1;
				DEVELOPMENT_TEAM = 3F8C4P2T95;
				GENERATE_INFOPLIST_FILE = YES;
				MARKETING_VERSION = 1.0;
				PRODUCT_BUNDLE_IDENTIFIER = com.AudiusUITests;
				PRODUCT_NAME = "$(TARGET_NAME)";
				SWIFT_EMIT_LOC_STRINGS = NO;
				SWIFT_VERSION = 5.0;
				TARGETED_DEVICE_FAMILY = "1,2";
				TEST_TARGET_NAME = Audius;
			};
			name = Debug;
		};
		7E52A40D2D8EB8470010C789 /* Release */ = {
			isa = XCBuildConfiguration;
			buildSettings = {
				ALWAYS_EMBED_SWIFT_STANDARD_LIBRARIES = YES;
				CODE_SIGN_STYLE = Automatic;
				CURRENT_PROJECT_VERSION = 1;
				DEVELOPMENT_TEAM = 3F8C4P2T95;
				GENERATE_INFOPLIST_FILE = YES;
				MARKETING_VERSION = 1.0;
				PRODUCT_BUNDLE_IDENTIFIER = com.AudiusUITests;
				PRODUCT_NAME = "$(TARGET_NAME)";
				SWIFT_EMIT_LOC_STRINGS = NO;
				SWIFT_VERSION = 5.0;
				TARGETED_DEVICE_FAMILY = "1,2";
				TEST_TARGET_NAME = Audius;
			};
			name = Release;
		};
/* End XCBuildConfiguration section */

/* Begin XCConfigurationList section */
		7E52A3DC2D8EB8450010C789 /* Build configuration list for PBXProject "Audius" */ = {
			isa = XCConfigurationList;
			buildConfigurations = (
				7E52A4032D8EB8470010C789 /* Debug */,
				7E52A4042D8EB8470010C789 /* Release */,
			);
			defaultConfigurationIsVisible = 0;
			defaultConfigurationName = Release;
		};
		7E52A4052D8EB8470010C789 /* Build configuration list for PBXNativeTarget "Audius" */ = {
			isa = XCConfigurationList;
			buildConfigurations = (
				7E52A4062D8EB8470010C789 /* Debug */,
				7E52A4072D8EB8470010C789 /* Release */,
			);
			defaultConfigurationIsVisible = 0;
			defaultConfigurationName = Release;
		};
		7E52A4082D8EB8470010C789 /* Build configuration list for PBXNativeTarget "AudiusTests" */ = {
			isa = XCConfigurationList;
			buildConfigurations = (
				7E52A4092D8EB8470010C789 /* Debug */,
				7E52A40A2D8EB8470010C789 /* Release */,
			);
			defaultConfigurationIsVisible = 0;
			defaultConfigurationName = Release;
		};
		7E52A40B2D8EB8470010C789 /* Build configuration list for PBXNativeTarget "AudiusUITests" */ = {
			isa = XCConfigurationList;
			buildConfigurations = (
				7E52A40C2D8EB8470010C789 /* Debug */,
				7E52A40D2D8EB8470010C789 /* Release */,
			);
			defaultConfigurationIsVisible = 0;
			defaultConfigurationName = Release;
		};
/* End XCConfigurationList section */
	};
	rootObject = 7E52A3D92D8EB8450010C789 /* Project object */;
}
